
Microsoft Visual Studio Solution File, Format Version 12.00
# Visual Studio Version 17
VisualStudioVersion = 17.2.32616.157
MinimumVisualStudioVersion = 10.0.40219.1
Project("{FAE04EC0-301F-11D3-BF4B-00C04F79EFBC}") = "DAGOLAMAVE", "DAGOLAMAVE\DAGOLAMAVE.csproj", "{0A0BD660-DE95-4AD3-90F5-980BEFAD4280}"
EndProject
Global
	GlobalSection(SolutionConfigurationPlatforms) = preSolution
		Debug|Any CPU = Debug|Any CPU
		Release|Any CPU = Release|Any CPU
	EndGlobalSection
	GlobalSection(ProjectConfigurationPlatforms) = postSolution
		{0A0BD660-DE95-4AD3-90F5-980BEFAD4280}.Debug|Any CPU.ActiveCfg = Debug|Any CPU
		{0A0BD660-DE95-4AD3-90F5-980BEFAD4280}.Debug|Any CPU.Build.0 = Debug|Any CPU
		{0A0BD660-DE95-4AD3-90F5-980BEFAD4280}.Release|Any CPU.ActiveCfg = Release|Any CPU
		{0A0BD660-DE95-4AD3-90F5-980BEFAD4280}.Release|Any CPU.Build.0 = Release|Any CPU
	EndGlobalSection
	GlobalSection(SolutionProperties) = preSolution
		HideSolutionNode = FALSE
	EndGlobalSection
	GlobalSection(ExtensibilityGlobals) = postSolution
		SolutionGuid = {771E5426-E476-4B5D-8E6E-DE59A653A6D1}
	EndGlobalSection
EndGlobal
